
Microsoft Visual Studio Solution File, Format Version 12.00
# Visual Studio 2012
Project("{FAE04EC0-301F-11D3-BF4B-00C04F79EFBC}") = "csReporter", "csReporter.csproj", "{1ED3B448-5BB8-4ADF-9878-C8B8A3F3659D}"
EndProject
Project("{2150E333-8FDC-42A3-9474-1A3956D46DE8}") = "Solution Items", "Solution Items", "{71E9AABC-8754-4F2F-8250-72B65B1FEEDC}"
	ProjectSection(SolutionItems) = preProject
		csr.ico = csr.ico
	EndProjectSection
EndProject
Global
	GlobalSection(SolutionConfigurationPlatforms) = preSolution
		Debug|Any CPU = Debug|Any CPU
		Release|Any CPU = Release|Any CPU
	EndGlobalSection
	GlobalSection(ProjectConfigurationPlatforms) = postSolution
		{1ED3B448-5BB8-4ADF-9878-C8B8A3F3659D}.Debug|Any CPU.ActiveCfg = Debug|Any CPU
		{1ED3B448-5BB8-4ADF-9878-C8B8A3F3659D}.Debug|Any CPU.Build.0 = Debug|Any CPU
		{1ED3B448-5BB8-4ADF-9878-C8B8A3F3659D}.Release|Any CPU.ActiveCfg = Release|Any CPU
		{1ED3B448-5BB8-4ADF-9878-C8B8A3F3659D}.Release|Any CPU.Build.0 = Release|Any CPU
	EndGlobalSection
	GlobalSection(SolutionProperties) = preSolution
		HideSolutionNode = FALSE
	EndGlobalSection
EndGlobal
