
Microsoft Visual Studio Solution File, Format Version 10.00
# Visual Studio 2008
Project("{FAE04EC0-301F-11D3-BF4B-00C04F79EFBC}") = "GetVersioningReport", "GetVersioningReport\GetVersioningReport.csproj", "{15F3A774-B0E4-4D7E-A23D-4F0B107EBA9F}"
EndProject
Global
	GlobalSection(SolutionConfigurationPlatforms) = preSolution
		Debug|Any CPU = Debug|Any CPU
		Release|Any CPU = Release|Any CPU
	EndGlobalSection
	GlobalSection(ProjectConfigurationPlatforms) = postSolution
		{15F3A774-B0E4-4D7E-A23D-4F0B107EBA9F}.Debug|Any CPU.ActiveCfg = Debug|Any CPU
		{15F3A774-B0E4-4D7E-A23D-4F0B107EBA9F}.Debug|Any CPU.Build.0 = Debug|Any CPU
		{15F3A774-B0E4-4D7E-A23D-4F0B107EBA9F}.Release|Any CPU.ActiveCfg = Release|Any CPU
		{15F3A774-B0E4-4D7E-A23D-4F0B107EBA9F}.Release|Any CPU.Build.0 = Release|Any CPU
	EndGlobalSection
	GlobalSection(SolutionProperties) = preSolution
		HideSolutionNode = FALSE
	EndGlobalSection
EndGlobal
